
Microsoft Visual Studio Solution File, Format Version 12.00
# Visual Studio Version 17
VisualStudioVersion = 17.7.34009.444
MinimumVisualStudioVersion = 10.0.40219.1
Project("{FAE04EC0-301F-11D3-BF4B-00C04F79EFBC}") = "3.3Uzduotis_Array", "3.3Uzduotis_Array\3.3Uzduotis_Array.csproj", "{68486741-EB83-41D3-8FCA-EF128952AA07}"
EndProject
Global
	GlobalSection(SolutionConfigurationPlatforms) = preSolution
		Debug|Any CPU = Debug|Any CPU
		Release|Any CPU = Release|Any CPU
	EndGlobalSection
	GlobalSection(ProjectConfigurationPlatforms) = postSolution
		{68486741-EB83-41D3-8FCA-EF128952AA07}.Debug|Any CPU.ActiveCfg = Debug|Any CPU
		{68486741-EB83-41D3-8FCA-EF128952AA07}.Debug|Any CPU.Build.0 = Debug|Any CPU
		{68486741-EB83-41D3-8FCA-EF128952AA07}.Release|Any CPU.ActiveCfg = Release|Any CPU
		{68486741-EB83-41D3-8FCA-EF128952AA07}.Release|Any CPU.Build.0 = Release|Any CPU
	EndGlobalSection
	GlobalSection(SolutionProperties) = preSolution
		HideSolutionNode = FALSE
	EndGlobalSection
	GlobalSection(ExtensibilityGlobals) = postSolution
		SolutionGuid = {67CEEB25-E6E8-45B7-9E59-7067D527A278}
	EndGlobalSection
EndGlobal
